
Microsoft Visual Studio Solution File, Format Version 12.00
# Visual Studio Version 16
VisualStudioVersion = 16.0.31105.61
MinimumVisualStudioVersion = 10.0.40219.1
Project("{9A19103F-16F7-4668-BE54-9A1E7A4F7556}") = "YukikaHub.UI", "YukikaHub.UI\YukikaHub.UI.csproj", "{D6275B54-CC04-4526-A207-14D1504D7507}"
EndProject
Project("{9A19103F-16F7-4668-BE54-9A1E7A4F7556}") = "YukikaHub.DataAccess", "YukikaHub.DataAccess\YukikaHub.DataAccess.csproj", "{002699AF-B36B-4CDA-A602-D983A514D3BB}"
EndProject
Project("{9A19103F-16F7-4668-BE54-9A1E7A4F7556}") = "YukikaHub.Model", "YukikaHub.Model\YukikaHub.Model.csproj", "{40D0D3BA-42C9-401C-90BE-0AB4EFE28ED3}"
EndProject
Project("{FAE04EC0-301F-11D3-BF4B-00C04F79EFBC}") = "YukikaHub.Tests", "YukikaHub.Tests\YukikaHub.Tests.csproj", "{68D27C38-76AC-4FB5-A589-54F88AA6F3BC}"
EndProject
Global
	GlobalSection(SolutionConfigurationPlatforms) = preSolution
		Debug|Any CPU = Debug|Any CPU
		Release|Any CPU = Release|Any CPU
	EndGlobalSection
	GlobalSection(ProjectConfigurationPlatforms) = postSolution
		{D6275B54-CC04-4526-A207-14D1504D7507}.Debug|Any CPU.ActiveCfg = Debug|Any CPU
		{D6275B54-CC04-4526-A207-14D1504D7507}.Debug|Any CPU.Build.0 = Debug|Any CPU
		{D6275B54-CC04-4526-A207-14D1504D7507}.Release|Any CPU.ActiveCfg = Release|Any CPU
		{D6275B54-CC04-4526-A207-14D1504D7507}.Release|Any CPU.Build.0 = Release|Any CPU
		{002699AF-B36B-4CDA-A602-D983A514D3BB}.Debug|Any CPU.ActiveCfg = Debug|Any CPU
		{002699AF-B36B-4CDA-A602-D983A514D3BB}.Debug|Any CPU.Build.0 = Debug|Any CPU
		{002699AF-B36B-4CDA-A602-D983A514D3BB}.Release|Any CPU.ActiveCfg = Release|Any CPU
		{002699AF-B36B-4CDA-A602-D983A514D3BB}.Release|Any CPU.Build.0 = Release|Any CPU
		{40D0D3BA-42C9-401C-90BE-0AB4EFE28ED3}.Debug|Any CPU.ActiveCfg = Debug|Any CPU
		{40D0D3BA-42C9-401C-90BE-0AB4EFE28ED3}.Debug|Any CPU.Build.0 = Debug|Any CPU
		{40D0D3BA-42C9-401C-90BE-0AB4EFE28ED3}.Release|Any CPU.ActiveCfg = Release|Any CPU
		{40D0D3BA-42C9-401C-90BE-0AB4EFE28ED3}.Release|Any CPU.Build.0 = Release|Any CPU
		{68D27C38-76AC-4FB5-A589-54F88AA6F3BC}.Debug|Any CPU.ActiveCfg = Debug|Any CPU
		{68D27C38-76AC-4FB5-A589-54F88AA6F3BC}.Debug|Any CPU.Build.0 = Debug|Any CPU
		{68D27C38-76AC-4FB5-A589-54F88AA6F3BC}.Release|Any CPU.ActiveCfg = Release|Any CPU
		{68D27C38-76AC-4FB5-A589-54F88AA6F3BC}.Release|Any CPU.Build.0 = Release|Any CPU
	EndGlobalSection
	GlobalSection(SolutionProperties) = preSolution
		HideSolutionNode = FALSE
	EndGlobalSection
	GlobalSection(ExtensibilityGlobals) = postSolution
		SolutionGuid = {BA5D7822-CD62-47E3-8B54-6A640722898A}
	EndGlobalSection
EndGlobal
